// !$*UTF8*$!
{
	archiveVersion = 1;
	classes = {
	};
	objectVersion = 51;
	objects = {

/* Begin PBXBuildFile section */
		12C0B699081C8337C054A744 /* Pods_ParstagramTests.framework in Frameworks */ = {isa = PBXBuildFile; fileRef = 2DC7D7984F32A1DDEBB305C0 /* Pods_ParstagramTests.framework */; };
		346E6AB8836C0028CDB61256 /* Pods_Parstagram.framework in Frameworks */ = {isa = PBXBuildFile; fileRef = 0F90051818DD90E498DABC67 /* Pods_Parstagram.framework */; };
		351AB55E252FD5510047E0BE /* CommentCell.swift in Sources */ = {isa = PBXBuildFile; fileRef = 351AB55D252FD5510047E0BE /* CommentCell.swift */; };
		356F47362526B71400A7D1BC /* CameraViewController.swift in Sources */ = {isa = PBXBuildFile; fileRef = 356F47352526B71400A7D1BC /* CameraViewController.swift */; };
		356F473B2526C69D00A7D1BC /* PostCell.swift in Sources */ = {isa = PBXBuildFile; fileRef = 356F473A2526C69D00A7D1BC /* PostCell.swift */; };
		35860EAC2526A15F00114C68 /* AppDelegate.swift in Sources */ = {isa = PBXBuildFile; fileRef = 35860EAB2526A15F00114C68 /* AppDelegate.swift */; };
		35860EAE2526A15F00114C68 /* SceneDelegate.swift in Sources */ = {isa = PBXBuildFile; fileRef = 35860EAD2526A15F00114C68 /* SceneDelegate.swift */; };
		35860EB32526A15F00114C68 /* Main.storyboard in Resources */ = {isa = PBXBuildFile; fileRef = 35860EB12526A15F00114C68 /* Main.storyboard */; };
		35860EB52526A16000114C68 /* Assets.xcassets in Resources */ = {isa = PBXBuildFile; fileRef = 35860EB42526A16000114C68 /* Assets.xcassets */; };
		35860EB82526A16000114C68 /* LaunchScreen.storyboard in Resources */ = {isa = PBXBuildFile; fileRef = 35860EB62526A16000114C68 /* LaunchScreen.storyboard */; };
		35860EC32526A16100114C68 /* ParstagramTests.swift in Sources */ = {isa = PBXBuildFile; fileRef = 35860EC22526A16100114C68 /* ParstagramTests.swift */; };
		35860ECE2526A16100114C68 /* ParstagramUITests.swift in Sources */ = {isa = PBXBuildFile; fileRef = 35860ECD2526A16100114C68 /* ParstagramUITests.swift */; };
		35860EED2526A80800114C68 /* LoginViewController.swift in Sources */ = {isa = PBXBuildFile; fileRef = 35860EEC2526A80800114C68 /* LoginViewController.swift */; };
		35860EF22526A82600114C68 /* FeedViewController.swift in Sources */ = {isa = PBXBuildFile; fileRef = 35860EF12526A82600114C68 /* FeedViewController.swift */; };
		AA23D49CE64204088F6610E5 /* Pods_Parstagram_ParstagramUITests.framework in Frameworks */ = {isa = PBXBuildFile; fileRef = B9074485697F78FD2C2BE3DC /* Pods_Parstagram_ParstagramUITests.framework */; };
/* End PBXBuildFile section */

/* Begin PBXContainerItemProxy section */
		35860EBF2526A16100114C68 /* PBXContainerItemProxy */ = {
			isa = PBXContainerItemProxy;
			containerPortal = 35860EA02526A15F00114C68 /* Project object */;
			proxyType = 1;
			remoteGlobalIDString = 35860EA72526A15F00114C68;
			remoteInfo = Parstagram;
		};
		35860ECA2526A16100114C68 /* PBXContainerItemProxy */ = {
			isa = PBXContainerItemProxy;
			containerPortal = 35860EA02526A15F00114C68 /* Project object */;
			proxyType = 1;
			remoteGlobalIDString = 35860EA72526A15F00114C68;
			remoteInfo = Parstagram;
		};
/* End PBXContainerItemProxy section */

/* Begin PBXFileReference section */
		0F90051818DD90E498DABC67 /* Pods_Parstagram.framework */ = {isa = PBXFileReference; explicitFileType = wrapper.framework; includeInIndex = 0; path = Pods_Parstagram.framework; sourceTree = BUILT_PRODUCTS_DIR; };
		2DC7D7984F32A1DDEBB305C0 /* Pods_ParstagramTests.framework */ = {isa = PBXFileReference; explicitFileType = wrapper.framework; includeInIndex = 0; path = Pods_ParstagramTests.framework; sourceTree = BUILT_PRODUCTS_DIR; };
		351AB55D252FD5510047E0BE /* CommentCell.swift */ = {isa = PBXFileReference; lastKnownFileType = sourcecode.swift; path = CommentCell.swift; sourceTree = "<group>"; };
		356F47352526B71400A7D1BC /* CameraViewController.swift */ = {isa = PBXFileReference; lastKnownFileType = sourcecode.swift; path = CameraViewController.swift; sourceTree = "<group>"; };
		356F473A2526C69D00A7D1BC /* PostCell.swift */ = {isa = PBXFileReference; lastKnownFileType = sourcecode.swift; path = PostCell.swift; sourceTree = "<group>"; };
		35860EA82526A15F00114C68 /* Parstagram.app */ = {isa = PBXFileReference; explicitFileType = wrapper.application; includeInIndex = 0; path = Parstagram.app; sourceTree = BUILT_PRODUCTS_DIR; };
		35860EAB2526A15F00114C68 /* AppDelegate.swift */ = {isa = PBXFileReference; lastKnownFileType = sourcecode.swift; path = AppDelegate.swift; sourceTree = "<group>"; };
		35860EAD2526A15F00114C68 /* SceneDelegate.swift */ = {isa = PBXFileReference; lastKnownFileType = sourcecode.swift; path = SceneDelegate.swift; sourceTree = "<group>"; };
		35860EB22526A15F00114C68 /* Base */ = {isa = PBXFileReference; lastKnownFileType = file.storyboard; name = Base; path = Base.lproj/Main.storyboard; sourceTree = "<group>"; };
		35860EB42526A16000114C68 /* Assets.xcassets */ = {isa = PBXFileReference; lastKnownFileType = folder.assetcatalog; path = Assets.xcassets; sourceTree = "<group>"; };
		35860EB72526A16000114C68 /* Base */ = {isa = PBXFileReference; lastKnownFileType = file.storyboard; name = Base; path = Base.lproj/LaunchScreen.storyboard; sourceTree = "<group>"; };
		35860EB92526A16000114C68 /* Info.plist */ = {isa = PBXFileReference; lastKnownFileType = text.plist.xml; path = Info.plist; sourceTree = "<group>"; };
		35860EBE2526A16100114C68 /* ParstagramTests.xctest */ = {isa = PBXFileReference; explicitFileType = wrapper.cfbundle; includeInIndex = 0; path = ParstagramTests.xctest; sourceTree = BUILT_PRODUCTS_DIR; };
		35860EC22526A16100114C68 /* ParstagramTests.swift */ = {isa = PBXFileReference; lastKnownFileType = sourcecode.swift; path = ParstagramTests.swift; sourceTree = "<group>"; };
		35860EC42526A16100114C68 /* Info.plist */ = {isa = PBXFileReference; lastKnownFileType = text.plist.xml; path = Info.plist; sourceTree = "<group>"; };
		35860EC92526A16100114C68 /* ParstagramUITests.xctest */ = {isa = PBXFileReference; explicitFileType = wrapper.cfbundle; includeInIndex = 0; path = ParstagramUITests.xctest; sourceTree = BUILT_PRODUCTS_DIR; };
		35860ECD2526A16100114C68 /* ParstagramUITests.swift */ = {isa = PBXFileReference; lastKnownFileType = sourcecode.swift; path = ParstagramUITests.swift; sourceTree = "<group>"; };
		35860ECF2526A16100114C68 /* Info.plist */ = {isa = PBXFileReference; lastKnownFileType = text.plist.xml; path = Info.plist; sourceTree = "<group>"; };
		35860EEC2526A80800114C68 /* LoginViewController.swift */ = {isa = PBXFileReference; lastKnownFileType = sourcecode.swift; path = LoginViewController.swift; sourceTree = "<group>"; };
		35860EF12526A82600114C68 /* FeedViewController.swift */ = {isa = PBXFileReference; lastKnownFileType = sourcecode.swift; path = FeedViewController.swift; sourceTree = "<group>"; };
		8AFD123D7635661269210B17 /* Pods-Parstagram-ParstagramUITests.debug.xcconfig */ = {isa = PBXFileReference; includeInIndex = 1; lastKnownFileType = text.xcconfig; name = "Pods-Parstagram-ParstagramUITests.debug.xcconfig"; path = "Target Support Files/Pods-Parstagram-ParstagramUITests/Pods-Parstagram-ParstagramUITests.debug.xcconfig"; sourceTree = "<group>"; };
		9F9CFBA6053B7EE005FFCBA8 /* Pods-Parstagram.debug.xcconfig */ = {isa = PBXFileReference; includeInIndex = 1; lastKnownFileType = text.xcconfig; name = "Pods-Parstagram.debug.xcconfig"; path = "Target Support Files/Pods-Parstagram/Pods-Parstagram.debug.xcconfig"; sourceTree = "<group>"; };
		B9074485697F78FD2C2BE3DC /* Pods_Parstagram_ParstagramUITests.framework */ = {isa = PBXFileReference; explicitFileType = wrapper.framework; includeInIndex = 0; path = Pods_Parstagram_ParstagramUITests.framework; sourceTree = BUILT_PRODUCTS_DIR; };
		C806152674D3A6339CBE24A9 /* Pods-ParstagramTests.release.xcconfig */ = {isa = PBXFileReference; includeInIndex = 1; lastKnownFileType = text.xcconfig; name = "Pods-ParstagramTests.release.xcconfig"; path = "Target Support Files/Pods-ParstagramTests/Pods-ParstagramTests.release.xcconfig"; sourceTree = "<group>"; };
		D41D811090B243470BA4E3BB /* Pods-Parstagram-ParstagramUITests.release.xcconfig */ = {isa = PBXFileReference; includeInIndex = 1; lastKnownFileType = text.xcconfig; name = "Pods-Parstagram-ParstagramUITests.release.xcconfig"; path = "Target Support Files/Pods-Parstagram-ParstagramUITests/Pods-Parstagram-ParstagramUITests.release.xcconfig"; sourceTree = "<group>"; };
		D6DF196B189E9F6139D38DC9 /* Pods-Parstagram.release.xcconfig */ = {isa = PBXFileReference; includeInIndex = 1; lastKnownFileType = text.xcconfig; name = "Pods-Parstagram.release.xcconfig"; path = "Target Support Files/Pods-Parstagram/Pods-Parstagram.release.xcconfig"; sourceTree = "<group>"; };
		FF45D494204A68F36E8357D8 /* Pods-ParstagramTests.debug.xcconfig */ = {isa = PBXFileReference; includeInIndex = 1; lastKnownFileType = text.xcconfig; name = "Pods-ParstagramTests.debug.xcconfig"; path = "Target Support Files/Pods-ParstagramTests/Pods-ParstagramTests.debug.xcconfig"; sourceTree = "<group>"; };
/* End PBXFileReference section */

/* Begin PBXFrameworksBuildPhase section */
		35860EA52526A15F00114C68 /* Frameworks */ = {
			isa = PBXFrameworksBuildPhase;
			buildActionMask = 2147483647;
			files = (
				346E6AB8836C0028CDB61256 /* Pods_Parstagram.framework in Frameworks */,
			);
			runOnlyForDeploymentPostprocessing = 0;
		};
		35860EBB2526A16100114C68 /* Frameworks */ = {
			isa = PBXFrameworksBuildPhase;
			buildActionMask = 2147483647;
			files = (
				12C0B699081C8337C054A744 /* Pods_ParstagramTests.framework in Frameworks */,
			);
			runOnlyForDeploymentPostprocessing = 0;
		};
		35860EC62526A16100114C68 /* Frameworks */ = {
			isa = PBXFrameworksBuildPhase;
			buildActionMask = 2147483647;
			files = (
				AA23D49CE64204088F6610E5 /* Pods_Parstagram_ParstagramUITests.framework in Frameworks */,
			);
			runOnlyForDeploymentPostprocessing = 0;
		};
/* End PBXFrameworksBuildPhase section */

/* Begin PBXGroup section */
		35860E9F2526A15F00114C68 = {
			isa = PBXGroup;
			children = (
				35860EAA2526A15F00114C68 /* Parstagram */,
				35860EC12526A16100114C68 /* ParstagramTests */,
				35860ECC2526A16100114C68 /* ParstagramUITests */,
				35860EA92526A15F00114C68 /* Products */,
				E5C93449EAE8F8A82CDA0ABE /* Pods */,
				773E412576204E6F1AAF69CC /* Frameworks */,
			);
			sourceTree = "<group>";
		};
		35860EA92526A15F00114C68 /* Products */ = {
			isa = PBXGroup;
			children = (
				35860EA82526A15F00114C68 /* Parstagram.app */,
				35860EBE2526A16100114C68 /* ParstagramTests.xctest */,
				35860EC92526A16100114C68 /* ParstagramUITests.xctest */,
			);
			name = Products;
			sourceTree = "<group>";
		};
		35860EAA2526A15F00114C68 /* Parstagram */ = {
			isa = PBXGroup;
			children = (
				35860EAB2526A15F00114C68 /* AppDelegate.swift */,
				35860EAD2526A15F00114C68 /* SceneDelegate.swift */,
				35860EB12526A15F00114C68 /* Main.storyboard */,
				35860EB42526A16000114C68 /* Assets.xcassets */,
				35860EB62526A16000114C68 /* LaunchScreen.storyboard */,
				35860EB92526A16000114C68 /* Info.plist */,
				35860EEC2526A80800114C68 /* LoginViewController.swift */,
				35860EF12526A82600114C68 /* FeedViewController.swift */,
				356F47352526B71400A7D1BC /* CameraViewController.swift */,
				356F473A2526C69D00A7D1BC /* PostCell.swift */,
				351AB55D252FD5510047E0BE /* CommentCell.swift */,
			);
			path = Parstagram;
			sourceTree = "<group>";
		};
		35860EC12526A16100114C68 /* ParstagramTests */ = {
			isa = PBXGroup;
			children = (
				35860EC22526A16100114C68 /* ParstagramTests.swift */,
				35860EC42526A16100114C68 /* Info.plist */,
			);
			path = ParstagramTests;
			sourceTree = "<group>";
		};
		35860ECC2526A16100114C68 /* ParstagramUITests */ = {
			isa = PBXGroup;
			children = (
				35860ECD2526A16100114C68 /* ParstagramUITests.swift */,
				35860ECF2526A16100114C68 /* Info.plist */,
			);
			path = ParstagramUITests;
			sourceTree = "<group>";
		};
		773E412576204E6F1AAF69CC /* Frameworks */ = {
			isa = PBXGroup;
			children = (
				0F90051818DD90E498DABC67 /* Pods_Parstagram.framework */,
				B9074485697F78FD2C2BE3DC /* Pods_Parstagram_ParstagramUITests.framework */,
				2DC7D7984F32A1DDEBB305C0 /* Pods_ParstagramTests.framework */,
			);
			name = Frameworks;
			sourceTree = "<group>";
		};
		E5C93449EAE8F8A82CDA0ABE /* Pods */ = {
			isa = PBXGroup;
			children = (
				9F9CFBA6053B7EE005FFCBA8 /* Pods-Parstagram.debug.xcconfig */,
				D6DF196B189E9F6139D38DC9 /* Pods-Parstagram.release.xcconfig */,
				8AFD123D7635661269210B17 /* Pods-Parstagram-ParstagramUITests.debug.xcconfig */,
				D41D811090B243470BA4E3BB /* Pods-Parstagram-ParstagramUITests.release.xcconfig */,
				FF45D494204A68F36E8357D8 /* Pods-ParstagramTests.debug.xcconfig */,
				C806152674D3A6339CBE24A9 /* Pods-ParstagramTests.release.xcconfig */,
			);
			path = Pods;
			sourceTree = "<group>";
		};
/* End PBXGroup section */

/* Begin PBXNativeTarget section */
		35860EA72526A15F00114C68 /* Parstagram */ = {
			isa = PBXNativeTarget;
			buildConfigurationList = 35860ED22526A16100114C68 /* Build configuration list for PBXNativeTarget "Parstagram" */;
			buildPhases = (
				F3271251FA402F8D6DE02EBE /* [CP] Check Pods Manifest.lock */,
				35860EA42526A15F00114C68 /* Sources */,
				35860EA52526A15F00114C68 /* Frameworks */,
				35860EA62526A15F00114C68 /* Resources */,
				8CE7BAC626559B0030D772AA /* [CP] Embed Pods Frameworks */,
			);
			buildRules = (
			);
			dependencies = (
			);
			name = Parstagram;
			productName = Parstagram;
			productReference = 35860EA82526A15F00114C68 /* Parstagram.app */;
			productType = "com.apple.product-type.application";
		};
		35860EBD2526A16100114C68 /* ParstagramTests */ = {
			isa = PBXNativeTarget;
			buildConfigurationList = 35860ED52526A16100114C68 /* Build configuration list for PBXNativeTarget "ParstagramTests" */;
			buildPhases = (
				8AD5CB7B9EA5A09DAB798BD3 /* [CP] Check Pods Manifest.lock */,
				35860EBA2526A16100114C68 /* Sources */,
				35860EBB2526A16100114C68 /* Frameworks */,
				35860EBC2526A16100114C68 /* Resources */,
			);
			buildRules = (
			);
			dependencies = (
				35860EC02526A16100114C68 /* PBXTargetDependency */,
			);
			name = ParstagramTests;
			productName = ParstagramTests;
			productReference = 35860EBE2526A16100114C68 /* ParstagramTests.xctest */;
			productType = "com.apple.product-type.bundle.unit-test";
		};
		35860EC82526A16100114C68 /* ParstagramUITests */ = {
			isa = PBXNativeTarget;
			buildConfigurationList = 35860ED82526A16100114C68 /* Build configuration list for PBXNativeTarget "ParstagramUITests" */;
			buildPhases = (
				5CA9D56E6E866AEC967AC93D /* [CP] Check Pods Manifest.lock */,
				35860EC52526A16100114C68 /* Sources */,
				35860EC62526A16100114C68 /* Frameworks */,
				35860EC72526A16100114C68 /* Resources */,
				7899C7C1C6688CDACBDC6F98 /* [CP] Embed Pods Frameworks */,
			);
			buildRules = (
			);
			dependencies = (
				35860ECB2526A16100114C68 /* PBXTargetDependency */,
			);
			name = ParstagramUITests;
			productName = ParstagramUITests;
			productReference = 35860EC92526A16100114C68 /* ParstagramUITests.xctest */;
			productType = "com.apple.product-type.bundle.ui-testing";
		};
/* End PBXNativeTarget section */

/* Begin PBXProject section */
		35860EA02526A15F00114C68 /* Project object */ = {
			isa = PBXProject;
			attributes = {
				LastSwiftUpdateCheck = 1200;
				LastUpgradeCheck = 1200;
				TargetAttributes = {
					35860EA72526A15F00114C68 = {
						CreatedOnToolsVersion = 12.0.1;
					};
					35860EBD2526A16100114C68 = {
						CreatedOnToolsVersion = 12.0.1;
						TestTargetID = 35860EA72526A15F00114C68;
					};
					35860EC82526A16100114C68 = {
						CreatedOnToolsVersion = 12.0.1;
						TestTargetID = 35860EA72526A15F00114C68;
					};
				};
			};
			buildConfigurationList = 35860EA32526A15F00114C68 /* Build configuration list for PBXProject "Parstagram" */;
			compatibilityVersion = "Xcode 9.3";
			developmentRegion = en;
			hasScannedForEncodings = 0;
			knownRegions = (
				en,
				Base,
			);
			mainGroup = 35860E9F2526A15F00114C68;
			productRefGroup = 35860EA92526A15F00114C68 /* Products */;
			projectDirPath = "";
			projectRoot = "";
			targets = (
				35860EA72526A15F00114C68 /* Parstagram */,
				35860EBD2526A16100114C68 /* ParstagramTests */,
				35860EC82526A16100114C68 /* ParstagramUITests */,
			);
		};
/* End PBXProject section */

/* Begin PBXResourcesBuildPhase section */
		35860EA62526A15F00114C68 /* Resources */ = {
			isa = PBXResourcesBuildPhase;
			buildActionMask = 2147483647;
			files = (
				35860EB82526A16000114C68 /* LaunchScreen.storyboard in Resources */,
				35860EB52526A16000114C68 /* Assets.xcassets in Resources */,
				35860EB32526A15F00114C68 /* Main.storyboard in Resources */,
			);
			runOnlyForDeploymentPostprocessing = 0;
		};
		35860EBC2526A16100114C68 /* Resources */ = {
			isa = PBXResourcesBuildPhase;
			buildActionMask = 2147483647;
			files = (
			);
			runOnlyForDeploymentPostprocessing = 0;
		};
		35860EC72526A16100114C68 /* Resources */ = {
			isa = PBXResourcesBuildPhase;
			buildActionMask = 2147483647;
			files = (
			);
			runOnlyForDeploymentPostprocessing = 0;
		};
/* End PBXResourcesBuildPhase section */

/* Begin PBXShellScriptBuildPhase section */
		5CA9D56E6E866AEC967AC93D /* [CP] Check Pods Manifest.lock */ = {
			isa = PBXShellScriptBuildPhase;
			buildActionMask = 2147483647;
			files = (
			);
			inputFileListPaths = (
			);
			inputPaths = (
				"${PODS_PODFILE_DIR_PATH}/Podfile.lock",
				"${PODS_ROOT}/Manifest.lock",
			);
			name = "[CP] Check Pods Manifest.lock";
			outputFileListPaths = (
			);
			outputPaths = (
				"$(DERIVED_FILE_DIR)/Pods-Parstagram-ParstagramUITests-checkManifestLockResult.txt",
			);
			runOnlyForDeploymentPostprocessing = 0;
			shellPath = /bin/sh;
			shellScript = "diff \"${PODS_PODFILE_DIR_PATH}/Podfile.lock\" \"${PODS_ROOT}/Manifest.lock\" > /dev/null\nif [ $? != 0 ] ; then\n    # print error to STDERR\n    echo \"error: The sandbox is not in sync with the Podfile.lock. Run 'pod install' or update your CocoaPods installation.\" >&2\n    exit 1\nfi\n# This output is used by Xcode 'outputs' to avoid re-running this script phase.\necho \"SUCCESS\" > \"${SCRIPT_OUTPUT_FILE_0}\"\n";
			showEnvVarsInLog = 0;
		};
		7899C7C1C6688CDACBDC6F98 /* [CP] Embed Pods Frameworks */ = {
			isa = PBXShellScriptBuildPhase;
			buildActionMask = 2147483647;
			files = (
			);
			inputFileListPaths = (
				"${PODS_ROOT}/Target Support Files/Pods-Parstagram-ParstagramUITests/Pods-Parstagram-ParstagramUITests-frameworks-${CONFIGURATION}-input-files.xcfilelist",
			);
			name = "[CP] Embed Pods Frameworks";
			outputFileListPaths = (
				"${PODS_ROOT}/Target Support Files/Pods-Parstagram-ParstagramUITests/Pods-Parstagram-ParstagramUITests-frameworks-${CONFIGURATION}-output-files.xcfilelist",
			);
			runOnlyForDeploymentPostprocessing = 0;
			shellPath = /bin/sh;
			shellScript = "\"${PODS_ROOT}/Target Support Files/Pods-Parstagram-ParstagramUITests/Pods-Parstagram-ParstagramUITests-frameworks.sh\"\n";
			showEnvVarsInLog = 0;
		};
		8AD5CB7B9EA5A09DAB798BD3 /* [CP] Check Pods Manifest.lock */ = {
			isa = PBXShellScriptBuildPhase;
			buildActionMask = 2147483647;
			files = (
			);
			inputFileListPaths = (
			);
			inputPaths = (
				"${PODS_PODFILE_DIR_PATH}/Podfile.lock",
				"${PODS_ROOT}/Manifest.lock",
			);
			name = "[CP] Check Pods Manifest.lock";
			outputFileListPaths = (
			);
			outputPaths = (
				"$(DERIVED_FILE_DIR)/Pods-ParstagramTests-checkManifestLockResult.txt",
			);
			runOnlyForDeploymentPostprocessing = 0;
			shellPath = /bin/sh;
			shellScript = "diff \"${PODS_PODFILE_DIR_PATH}/Podfile.lock\" \"${PODS_ROOT}/Manifest.lock\" > /dev/null\nif [ $? != 0 ] ; then\n    # print error to STDERR\n    echo \"error: The sandbox is not in sync with the Podfile.lock. Run 'pod install' or update your CocoaPods installation.\" >&2\n    exit 1\nfi\n# This output is used by Xcode 'outputs' to avoid re-running this script phase.\necho \"SUCCESS\" > \"${SCRIPT_OUTPUT_FILE_0}\"\n";
			showEnvVarsInLog = 0;
		};
		8CE7BAC626559B0030D772AA /* [CP] Embed Pods Frameworks */ = {
			isa = PBXShellScriptBuildPhase;
			buildActionMask = 2147483647;
			files = (
			);
			inputFileListPaths = (
				"${PODS_ROOT}/Target Support Files/Pods-Parstagram/Pods-Parstagram-frameworks-${CONFIGURATION}-input-files.xcfilelist",
			);
			name = "[CP] Embed Pods Frameworks";
			outputFileListPaths = (
				"${PODS_ROOT}/Target Support Files/Pods-Parstagram/Pods-Parstagram-frameworks-${CONFIGURATION}-output-files.xcfilelist",
			);
			runOnlyForDeploymentPostprocessing = 0;
			shellPath = /bin/sh;
			shellScript = "\"${PODS_ROOT}/Target Support Files/Pods-Parstagram/Pods-Parstagram-frameworks.sh\"\n";
			showEnvVarsInLog = 0;
		};
		F3271251FA402F8D6DE02EBE /* [CP] Check Pods Manifest.lock */ = {
			isa = PBXShellScriptBuildPhase;
			buildActionMask = 2147483647;
			files = (
			);
			inputFileListPaths = (
			);
			inputPaths = (
				"${PODS_PODFILE_DIR_PATH}/Podfile.lock",
				"${PODS_ROOT}/Manifest.lock",
			);
			name = "[CP] Check Pods Manifest.lock";
			outputFileListPaths = (
			);
			outputPaths = (
				"$(DERIVED_FILE_DIR)/Pods-Parstagram-checkManifestLockResult.txt",
			);
			runOnlyForDeploymentPostprocessing = 0;
			shellPath = /bin/sh;
			shellScript = "diff \"${PODS_PODFILE_DIR_PATH}/Podfile.lock\" \"${PODS_ROOT}/Manifest.lock\" > /dev/null\nif [ $? != 0 ] ; then\n    # print error to STDERR\n    echo \"error: The sandbox is not in sync with the Podfile.lock. Run 'pod install' or update your CocoaPods installation.\" >&2\n    exit 1\nfi\n# This output is used by Xcode 'outputs' to avoid re-running this script phase.\necho \"SUCCESS\" > \"${SCRIPT_OUTPUT_FILE_0}\"\n";
			showEnvVarsInLog = 0;
		};
/* End PBXShellScriptBuildPhase section */

/* Begin PBXSourcesBuildPhase section */
		35860EA42526A15F00114C68 /* Sources */ = {
			isa = PBXSourcesBuildPhase;
			buildActionMask = 2147483647;
			files = (
				35860EED2526A80800114C68 /* LoginViewController.swift in Sources */,
				356F47362526B71400A7D1BC /* CameraViewController.swift in Sources */,
				35860EAC2526A15F00114C68 /* AppDelegate.swift in Sources */,
				35860EF22526A82600114C68 /* FeedViewController.swift in Sources */,
				35860EAE2526A15F00114C68 /* SceneDelegate.swift in Sources */,
				356F473B2526C69D00A7D1BC /* PostCell.swift in Sources */,
				351AB55E252FD5510047E0BE /* CommentCell.swift in Sources */,
			);
			runOnlyForDeploymentPostprocessing = 0;
		};
		35860EBA2526A16100114C68 /* Sources */ = {
			isa = PBXSourcesBuildPhase;
			buildActionMask = 2147483647;
			files = (
				35860EC32526A16100114C68 /* ParstagramTests.swift in Sources */,
			);
			runOnlyForDeploymentPostprocessing = 0;
		};
		35860EC52526A16100114C68 /* Sources */ = {
			isa = PBXSourcesBuildPhase;
			buildActionMask = 2147483647;
			files = (
				35860ECE2526A16100114C68 /* ParstagramUITests.swift in Sources */,
			);
			runOnlyForDeploymentPostprocessing = 0;
		};
/* End PBXSourcesBuildPhase section */

/* Begin PBXTargetDependency section */
		35860EC02526A16100114C68 /* PBXTargetDependency */ = {
			isa = PBXTargetDependency;
			target = 35860EA72526A15F00114C68 /* Parstagram */;
			targetProxy = 35860EBF2526A16100114C68 /* PBXContainerItemProxy */;
		};
		35860ECB2526A16100114C68 /* PBXTargetDependency */ = {
			isa = PBXTargetDependency;
			target = 35860EA72526A15F00114C68 /* Parstagram */;
			targetProxy = 35860ECA2526A16100114C68 /* PBXContainerItemProxy */;
		};
/* End PBXTargetDependency section */

/* Begin PBXVariantGroup section */
		35860EB12526A15F00114C68 /* Main.storyboard */ = {
			isa = PBXVariantGroup;
			children = (
				35860EB22526A15F00114C68 /* Base */,
			);
			name = Main.storyboard;
			sourceTree = "<group>";
		};
		35860EB62526A16000114C68 /* LaunchScreen.storyboard */ = {
			isa = PBXVariantGroup;
			children = (
				35860EB72526A16000114C68 /* Base */,
			);
			name = LaunchScreen.storyboard;
			sourceTree = "<group>";
		};
/* End PBXVariantGroup section */

/* Begin XCBuildConfiguration section */
		35860ED02526A16100114C68 /* Debug */ = {
			isa = XCBuildConfiguration;
			buildSettings = {
				ALWAYS_SEARCH_USER_PATHS = NO;
				CLANG_ANALYZER_NONNULL = YES;
				CLANG_ANALYZER_NUMBER_OBJECT_CONVERSION = YES_AGGRESSIVE;
				CLANG_CXX_LANGUAGE_STANDARD = "gnu++14";
				CLANG_CXX_LIBRARY = "libc++";
				CLANG_ENABLE_MODULES = YES;
				CLANG_ENABLE_OBJC_ARC = YES;
				CLANG_ENABLE_OBJC_WEAK = YES;
				CLANG_WARN_BLOCK_CAPTURE_AUTORELEASING = YES;
				CLANG_WARN_BOOL_CONVERSION = YES;
				CLANG_WARN_COMMA = YES;
				CLANG_WARN_CONSTANT_CONVERSION = YES;
				CLANG_WARN_DEPRECATED_OBJC_IMPLEMENTATIONS = YES;
				CLANG_WARN_DIRECT_OBJC_ISA_USAGE = YES_ERROR;
				CLANG_WARN_DOCUMENTATION_COMMENTS = YES;
				CLANG_WARN_EMPTY_BODY = YES;
				CLANG_WARN_ENUM_CONVERSION = YES;
				CLANG_WARN_INFINITE_RECURSION = YES;
				CLANG_WARN_INT_CONVERSION = YES;
				CLANG_WARN_NON_LITERAL_NULL_CONVERSION = YES;
				CLANG_WARN_OBJC_IMPLICIT_RETAIN_SELF = YES;
				CLANG_WARN_OBJC_LITERAL_CONVERSION = YES;
				CLANG_WARN_OBJC_ROOT_CLASS = YES_ERROR;
				CLANG_WARN_QUOTED_INCLUDE_IN_FRAMEWORK_HEADER = YES;
				CLANG_WARN_RANGE_LOOP_ANALYSIS = YES;
				CLANG_WARN_STRICT_PROTOTYPES = YES;
				CLANG_WARN_SUSPICIOUS_MOVE = YES;
				CLANG_WARN_UNGUARDED_AVAILABILITY = YES_AGGRESSIVE;
				CLANG_WARN_UNREACHABLE_CODE = YES;
				CLANG_WARN__DUPLICATE_METHOD_MATCH = YES;
				COPY_PHASE_STRIP = NO;
				DEBUG_INFORMATION_FORMAT = dwarf;
				ENABLE_STRICT_OBJC_MSGSEND = YES;
				ENABLE_TESTABILITY = YES;
				GCC_C_LANGUAGE_STANDARD = gnu11;
				GCC_DYNAMIC_NO_PIC = NO;
				GCC_NO_COMMON_BLOCKS = YES;
				GCC_OPTIMIZATION_LEVEL = 0;
				GCC_PREPROCESSOR_DEFINITIONS = (
					"DEBUG=1",
					"$(inherited)",
				);
				GCC_WARN_64_TO_32_BIT_CONVERSION = YES;
				GCC_WARN_ABOUT_RETURN_TYPE = YES_ERROR;
				GCC_WARN_UNDECLARED_SELECTOR = YES;
				GCC_WARN_UNINITIALIZED_AUTOS = YES_AGGRESSIVE;
				GCC_WARN_UNUSED_FUNCTION = YES;
				GCC_WARN_UNUSED_VARIABLE = YES;
				IPHONEOS_DEPLOYMENT_TARGET = 14.0;
				MTL_ENABLE_DEBUG_INFO = INCLUDE_SOURCE;
				MTL_FAST_MATH = YES;
				ONLY_ACTIVE_ARCH = YES;
				SDKROOT = iphoneos;
				SWIFT_ACTIVE_COMPILATION_CONDITIONS = DEBUG;
				SWIFT_OPTIMIZATION_LEVEL = "-Onone";
			};
			name = Debug;
		};
		35860ED12526A16100114C68 /* Release */ = {
			isa = XCBuildConfiguration;
			buildSettings = {
				ALWAYS_SEARCH_USER_PATHS = NO;
				CLANG_ANALYZER_NONNULL = YES;
				CLANG_ANALYZER_NUMBER_OBJECT_CONVERSION = YES_AGGRESSIVE;
				CLANG_CXX_LANGUAGE_STANDARD = "gnu++14";
				CLANG_CXX_LIBRARY = "libc++";
				CLANG_ENABLE_MODULES = YES;
				CLANG_ENABLE_OBJC_ARC = YES;
				CLANG_ENABLE_OBJC_WEAK = YES;
				CLANG_WARN_BLOCK_CAPTURE_AUTORELEASING = YES;
				CLANG_WARN_BOOL_CONVERSION = YES;
				CLANG_WARN_COMMA = YES;
				CLANG_WARN_CONSTANT_CONVERSION = YES;
				CLANG_WARN_DEPRECATED_OBJC_IMPLEMENTATIONS = YES;
				CLANG_WARN_DIRECT_OBJC_ISA_USAGE = YES_ERROR;
				CLANG_WARN_DOCUMENTATION_COMMENTS = YES;
				CLANG_WARN_EMPTY_BODY = YES;
				CLANG_WARN_ENUM_CONVERSION = YES;
				CLANG_WARN_INFINITE_RECURSION = YES;
				CLANG_WARN_INT_CONVERSION = YES;
				CLANG_WARN_NON_LITERAL_NULL_CONVERSION = YES;
				CLANG_WARN_OBJC_IMPLICIT_RETAIN_SELF = YES;
				CLANG_WARN_OBJC_LITERAL_CONVERSION = YES;
				CLANG_WARN_OBJC_ROOT_CLASS = YES_ERROR;
				CLANG_WARN_QUOTED_INCLUDE_IN_FRAMEWORK_HEADER = YES;
				CLANG_WARN_RANGE_LOOP_ANALYSIS = YES;
				CLANG_WARN_STRICT_PROTOTYPES = YES;
				CLANG_WARN_SUSPICIOUS_MOVE = YES;
				CLANG_WARN_UNGUARDED_AVAILABILITY = YES_AGGRESSIVE;
				CLANG_WARN_UNREACHABLE_CODE = YES;
				CLANG_WARN__DUPLICATE_METHOD_MATCH = YES;
				COPY_PHASE_STRIP = NO;
				DEBUG_INFORMATION_FORMAT = "dwarf-with-dsym";
				ENABLE_NS_ASSERTIONS = NO;
				ENABLE_STRICT_OBJC_MSGSEND = YES;
				GCC_C_LANGUAGE_STANDARD = gnu11;
				GCC_NO_COMMON_BLOCKS = YES;
				GCC_WARN_64_TO_32_BIT_CONVERSION = YES;
				GCC_WARN_ABOUT_RETURN_TYPE = YES_ERROR;
				GCC_WARN_UNDECLARED_SELECTOR = YES;
				GCC_WARN_UNINITIALIZED_AUTOS = YES_AGGRESSIVE;
				GCC_WARN_UNUSED_FUNCTION = YES;
				GCC_WARN_UNUSED_VARIABLE = YES;
				IPHONEOS_DEPLOYMENT_TARGET = 14.0;
				MTL_ENABLE_DEBUG_INFO = NO;
				MTL_FAST_MATH = YES;
				SDKROOT = iphoneos;
				SWIFT_COMPILATION_MODE = wholemodule;
				SWIFT_OPTIMIZATION_LEVEL = "-O";
				VALIDATE_PRODUCT = YES;
			};
			name = Release;
		};
		35860ED32526A16100114C68 /* Debug */ = {
			isa = XCBuildConfiguration;
			baseConfigurationReference = 9F9CFBA6053B7EE005FFCBA8 /* Pods-Parstagram.debug.xcconfig */;
			buildSettings = {
				ASSETCATALOG_COMPILER_APPICON_NAME = AppIcon;
				ASSETCATALOG_COMPILER_GLOBAL_ACCENT_COLOR_NAME = AccentColor;
				CODE_SIGN_STYLE = Automatic;
				INFOPLIST_FILE = Parstagram/Info.plist;
				LD_RUNPATH_SEARCH_PATHS = (
					"$(inherited)",
					"@executable_path/Frameworks",
				);
				PRODUCT_BUNDLE_IDENTIFIER = Codepath.Parstagram;
				PRODUCT_NAME = "$(TARGET_NAME)";
				SWIFT_VERSION = 5.0;
				TARGETED_DEVICE_FAMILY = "1,2";
			};
			name = Debug;
		};
		35860ED42526A16100114C68 /* Release */ = {
			isa = XCBuildConfiguration;
			baseConfigurationReference = D6DF196B189E9F6139D38DC9 /* Pods-Parstagram.release.xcconfig */;
			buildSettings = {
				ASSETCATALOG_COMPILER_APPICON_NAME = AppIcon;
				ASSETCATALOG_COMPILER_GLOBAL_ACCENT_COLOR_NAME = AccentColor;
				CODE_SIGN_STYLE = Automatic;
				INFOPLIST_FILE = Parstagram/Info.plist;
				LD_RUNPATH_SEARCH_PATHS = (
					"$(inherited)",
					"@executable_path/Frameworks",
				);
				PRODUCT_BUNDLE_IDENTIFIER = Codepath.Parstagram;
				PRODUCT_NAME = "$(TARGET_NAME)";
				SWIFT_VERSION = 5.0;
				TARGETED_DEVICE_FAMILY = "1,2";
			};
			name = Release;
		};
		35860ED62526A16100114C68 /* Debug */ = {
			isa = XCBuildConfiguration;
			baseConfigurationReference = FF45D494204A68F36E8357D8 /* Pods-ParstagramTests.debug.xcconfig */;
			buildSettings = {
				ALWAYS_EMBED_SWIFT_STANDARD_LIBRARIES = YES;
				BUNDLE_LOADER = "$(TEST_HOST)";
				CODE_SIGN_STYLE = Automatic;
				INFOPLIST_FILE = ParstagramTests/Info.plist;
				IPHONEOS_DEPLOYMENT_TARGET = 14.0;
				LD_RUNPATH_SEARCH_PATHS = (
					"$(inherited)",
					"@executable_path/Frameworks",
					"@loader_path/Frameworks",
				);
				PRODUCT_BUNDLE_IDENTIFIER = Codepath.ParstagramTests;
				PRODUCT_NAME = "$(TARGET_NAME)";
				SWIFT_VERSION = 5.0;
				TARGETED_DEVICE_FAMILY = "1,2";
				TEST_HOST = "$(BUILT_PRODUCTS_DIR)/Parstagram.app/Parstagram";
			};
			name = Debug;
		};
		35860ED72526A16100114C68 /* Release */ = {
			isa = XCBuildConfiguration;
			baseConfigurationReference = C806152674D3A6339CBE24A9 /* Pods-ParstagramTests.release.xcconfig */;
			buildSettings = {
				ALWAYS_EMBED_SWIFT_STANDARD_LIBRARIES = YES;
				BUNDLE_LOADER = "$(TEST_HOST)";
				CODE_SIGN_STYLE = Automatic;
				INFOPLIST_FILE = ParstagramTests/Info.plist;
				IPHONEOS_DEPLOYMENT_TARGET = 14.0;
				LD_RUNPATH_SEARCH_PATHS = (
					"$(inherited)",
					"@executable_path/Frameworks",
					"@loader_path/Frameworks",
				);
				PRODUCT_BUNDLE_IDENTIFIER = Codepath.ParstagramTests;
				PRODUCT_NAME = "$(TARGET_NAME)";
				SWIFT_VERSION = 5.0;
				TARGETED_DEVICE_FAMILY = "1,2";
				TEST_HOST = "$(BUILT_PRODUCTS_DIR)/Parstagram.app/Parstagram";
			};
			name = Release;
		};
		35860ED92526A16100114C68 /* Debug */ = {
			isa = XCBuildConfiguration;
			baseConfigurationReference = 8AFD123D7635661269210B17 /* Pods-Parstagram-ParstagramUITests.debug.xcconfig */;
			buildSettings = {
				ALWAYS_EMBED_SWIFT_STANDARD_LIBRARIES = YES;
				CODE_SIGN_STYLE = Automatic;
				INFOPLIST_FILE = ParstagramUITests/Info.plist;
				LD_RUNPATH_SEARCH_PATHS = (
					"$(inherited)",
					"@executable_path/Frameworks",
					"@loader_path/Frameworks",
				);
				PRODUCT_BUNDLE_IDENTIFIER = Codepath.ParstagramUITests;
				PRODUCT_NAME = "$(TARGET_NAME)";
				SWIFT_VERSION = 5.0;
				TARGETED_DEVICE_FAMILY = "1,2";
				TEST_TARGET_NAME = Parstagram;
			};
			name = Debug;
		};
		35860EDA2526A16100114C68 /* Release */ = {
			isa = XCBuildConfiguration;
			baseConfigurationReference = D41D811090B243470BA4E3BB /* Pods-Parstagram-ParstagramUITests.release.xcconfig */;
			buildSettings = {
				ALWAYS_EMBED_SWIFT_STANDARD_LIBRARIES = YES;
				CODE_SIGN_STYLE = Automatic;
				INFOPLIST_FILE = ParstagramUITests/Info.plist;
				LD_RUNPATH_SEARCH_PATHS = (
					"$(inherited)",
					"@executable_path/Frameworks",
					"@loader_path/Frameworks",
				);
				PRODUCT_BUNDLE_IDENTIFIER = Codepath.ParstagramUITests;
				PRODUCT_NAME = "$(TARGET_NAME)";
				SWIFT_VERSION = 5.0;
				TARGETED_DEVICE_FAMILY = "1,2";
				TEST_TARGET_NAME = Parstagram;
			};
			name = Release;
		};
/* End XCBuildConfiguration section */

/* Begin XCConfigurationList section */
		35860EA32526A15F00114C68 /* Build configuration list for PBXProject "Parstagram" */ = {
			isa = XCConfigurationList;
			buildConfigurations = (
				35860ED02526A16100114C68 /* Debug */,
				35860ED12526A16100114C68 /* Release */,
			);
			defaultConfigurationIsVisible = 0;
			defaultConfigurationName = Release;
		};
		35860ED22526A16100114C68 /* Build configuration list for PBXNativeTarget "Parstagram" */ = {
			isa = XCConfigurationList;
			buildConfigurations = (
				35860ED32526A16100114C68 /* Debug */,
				35860ED42526A16100114C68 /* Release */,
			);
			defaultConfigurationIsVisible = 0;
			defaultConfigurationName = Release;
		};
		35860ED52526A16100114C68 /* Build configuration list for PBXNativeTarget "ParstagramTests" */ = {
			isa = XCConfigurationList;
			buildConfigurations = (
				35860ED62526A16100114C68 /* Debug */,
				35860ED72526A16100114C68 /* Release */,
			);
			defaultConfigurationIsVisible = 0;
			defaultConfigurationName = Release;
		};
		35860ED82526A16100114C68 /* Build configuration list for PBXNativeTarget "ParstagramUITests" */ = {
			isa = XCConfigurationList;
			buildConfigurations = (
				35860ED92526A16100114C68 /* Debug */,
				35860EDA2526A16100114C68 /* Release */,
			);
			defaultConfigurationIsVisible = 0;
			defaultConfigurationName = Release;
		};
/* End XCConfigurationList section */
	};
	rootObject = 35860EA02526A15F00114C68 /* Project object */;
}
